
Microsoft Visual Studio Solution File, Format Version 12.00
# Visual Studio 15
VisualStudioVersion = 15.0.27703.2042
MinimumVisualStudioVersion = 10.0.40219.1
Project("{FAE04EC0-301F-11D3-BF4B-00C04F79EFBC}") = "Expenselt", "Expenselt\Expenselt.csproj", "{14E240A7-451A-409D-A99B-E78BF980B180}"
EndProject
Global
	GlobalSection(SolutionConfigurationPlatforms) = preSolution
		Debug|Any CPU = Debug|Any CPU
		Release|Any CPU = Release|Any CPU
	EndGlobalSection
	GlobalSection(ProjectConfigurationPlatforms) = postSolution
		{14E240A7-451A-409D-A99B-E78BF980B180}.Debug|Any CPU.ActiveCfg = Debug|Any CPU
		{14E240A7-451A-409D-A99B-E78BF980B180}.Debug|Any CPU.Build.0 = Debug|Any CPU
		{14E240A7-451A-409D-A99B-E78BF980B180}.Release|Any CPU.ActiveCfg = Release|Any CPU
		{14E240A7-451A-409D-A99B-E78BF980B180}.Release|Any CPU.Build.0 = Release|Any CPU
	EndGlobalSection
	GlobalSection(SolutionProperties) = preSolution
		HideSolutionNode = FALSE
	EndGlobalSection
	GlobalSection(ExtensibilityGlobals) = postSolution
		SolutionGuid = {6803C819-422F-4A43-8613-1244D8A4EA5D}
	EndGlobalSection
EndGlobal
